
Microsoft Visual Studio Solution File, Format Version 12.00
# Visual Studio Version 16
VisualStudioVersion = 16.0.29025.244
MinimumVisualStudioVersion = 10.0.40219.1
Project("{FAE04EC0-301F-11D3-BF4B-00C04F79EFBC}") = "PresentationLayer", "PresentationLayer\PresentationLayer.csproj", "{8D7E0F27-4019-4669-9EE3-2DCCF70B400D}"
EndProject
Project("{FAE04EC0-301F-11D3-BF4B-00C04F79EFBC}") = "BusinessLayer", "BusinessLayer\BusinessLayer.csproj", "{49D3F907-DCB1-4752-A726-945F18C5DDE3}"
EndProject
Project("{FAE04EC0-301F-11D3-BF4B-00C04F79EFBC}") = "DataLayer", "DataLayer\DataLayer.csproj", "{0EAC1531-4504-4FFA-860C-1651C2F6E805}"
EndProject
Global
	GlobalSection(SolutionConfigurationPlatforms) = preSolution
		Debug|Any CPU = Debug|Any CPU
		Release|Any CPU = Release|Any CPU
	EndGlobalSection
	GlobalSection(ProjectConfigurationPlatforms) = postSolution
		{8D7E0F27-4019-4669-9EE3-2DCCF70B400D}.Debug|Any CPU.ActiveCfg = Debug|Any CPU
		{8D7E0F27-4019-4669-9EE3-2DCCF70B400D}.Debug|Any CPU.Build.0 = Debug|Any CPU
		{8D7E0F27-4019-4669-9EE3-2DCCF70B400D}.Release|Any CPU.ActiveCfg = Release|Any CPU
		{8D7E0F27-4019-4669-9EE3-2DCCF70B400D}.Release|Any CPU.Build.0 = Release|Any CPU
		{49D3F907-DCB1-4752-A726-945F18C5DDE3}.Debug|Any CPU.ActiveCfg = Debug|Any CPU
		{49D3F907-DCB1-4752-A726-945F18C5DDE3}.Debug|Any CPU.Build.0 = Debug|Any CPU
		{49D3F907-DCB1-4752-A726-945F18C5DDE3}.Release|Any CPU.ActiveCfg = Release|Any CPU
		{49D3F907-DCB1-4752-A726-945F18C5DDE3}.Release|Any CPU.Build.0 = Release|Any CPU
		{0EAC1531-4504-4FFA-860C-1651C2F6E805}.Debug|Any CPU.ActiveCfg = Debug|Any CPU
		{0EAC1531-4504-4FFA-860C-1651C2F6E805}.Debug|Any CPU.Build.0 = Debug|Any CPU
		{0EAC1531-4504-4FFA-860C-1651C2F6E805}.Release|Any CPU.ActiveCfg = Release|Any CPU
		{0EAC1531-4504-4FFA-860C-1651C2F6E805}.Release|Any CPU.Build.0 = Release|Any CPU
	EndGlobalSection
	GlobalSection(SolutionProperties) = preSolution
		HideSolutionNode = FALSE
	EndGlobalSection
	GlobalSection(ExtensibilityGlobals) = postSolution
		SolutionGuid = {3BE16D7B-9DB0-4D8E-98A9-F4EF3C38790B}
	EndGlobalSection
EndGlobal
