
Microsoft Visual Studio Solution File, Format Version 12.00
# Visual Studio Version 16
VisualStudioVersion = 16.0.29025.244
MinimumVisualStudioVersion = 10.0.40219.1
Project("{FAE04EC0-301F-11D3-BF4B-00C04F79EFBC}") = "Question2", "Question2\Question2.csproj", "{448EDA48-8694-4336-979E-F906625016FA}"
EndProject
Project("{FAE04EC0-301F-11D3-BF4B-00C04F79EFBC}") = "BusinessLayer", "BusinessLayer\BusinessLayer.csproj", "{8846A81A-8AE7-4286-BE83-5BD7D38AF732}"
EndProject
Project("{FAE04EC0-301F-11D3-BF4B-00C04F79EFBC}") = "DataLayer", "DataLayer\DataLayer.csproj", "{7ED6BFA8-F89E-423F-B84D-4F604583C25E}"
EndProject
Global
	GlobalSection(SolutionConfigurationPlatforms) = preSolution
		Debug|Any CPU = Debug|Any CPU
		Release|Any CPU = Release|Any CPU
	EndGlobalSection
	GlobalSection(ProjectConfigurationPlatforms) = postSolution
		{448EDA48-8694-4336-979E-F906625016FA}.Debug|Any CPU.ActiveCfg = Debug|Any CPU
		{448EDA48-8694-4336-979E-F906625016FA}.Debug|Any CPU.Build.0 = Debug|Any CPU
		{448EDA48-8694-4336-979E-F906625016FA}.Release|Any CPU.ActiveCfg = Release|Any CPU
		{448EDA48-8694-4336-979E-F906625016FA}.Release|Any CPU.Build.0 = Release|Any CPU
		{8846A81A-8AE7-4286-BE83-5BD7D38AF732}.Debug|Any CPU.ActiveCfg = Debug|Any CPU
		{8846A81A-8AE7-4286-BE83-5BD7D38AF732}.Debug|Any CPU.Build.0 = Debug|Any CPU
		{8846A81A-8AE7-4286-BE83-5BD7D38AF732}.Release|Any CPU.ActiveCfg = Release|Any CPU
		{8846A81A-8AE7-4286-BE83-5BD7D38AF732}.Release|Any CPU.Build.0 = Release|Any CPU
		{7ED6BFA8-F89E-423F-B84D-4F604583C25E}.Debug|Any CPU.ActiveCfg = Debug|Any CPU
		{7ED6BFA8-F89E-423F-B84D-4F604583C25E}.Debug|Any CPU.Build.0 = Debug|Any CPU
		{7ED6BFA8-F89E-423F-B84D-4F604583C25E}.Release|Any CPU.ActiveCfg = Release|Any CPU
		{7ED6BFA8-F89E-423F-B84D-4F604583C25E}.Release|Any CPU.Build.0 = Release|Any CPU
	EndGlobalSection
	GlobalSection(SolutionProperties) = preSolution
		HideSolutionNode = FALSE
	EndGlobalSection
	GlobalSection(ExtensibilityGlobals) = postSolution
		SolutionGuid = {2F6FC57E-48C5-4975-8DB3-4F09835A0A1D}
	EndGlobalSection
EndGlobal
